---
lockfileVersion: '9.0'

importers:

  .:
    configDependencies: {}
    packageManagerDependencies:
      pnpm:
        specifier: 12.0.0
        version: 12.0.0

packages:

  '@pnpm/exe.darwin-arm64@12.0.0':
    resolution: {integrity: sha512-sqeoPfVMIfQhbwzDrKraXY2ynyuWClFqzvfImzAS/yczEru1m5SGvQ9kgFPDvQzJZ9AetedgJeDZC6qYvH8/tQ==}
    cpu: [arm64]
    os: [darwin]

  '@pnpm/exe.darwin-x64@12.0.0':
    resolution: {integrity: sha512-Quc3J6c9cGTy+LDgz1cLVgCNOU9IERuyAlDoEj0DCilKqvo50Jx1GV8k74iwn4J9fFSKkm8JrwNvtTDj3uWnUA==}
    cpu: [x64]
    os: [darwin]

  '@pnpm/exe.linux-arm64-musl@12.0.0':
    resolution: {integrity: sha512-EVWd3OTmgsMFhXx69b5JxIzoabG9Ma7m4OeTaf0ZKBzMnfYi8u21NDQo92ToMrdYL5dYDDCHsyYIjXzk+d0HhA==}
    cpu: [arm64]
    os: [linux]
    libc: [musl]

  '@pnpm/exe.linux-arm64@12.0.0':
    resolution: {integrity: sha512-cXHHW8M4rAPsYNkKZO9WVcpLLK55i9EaIsZPfIqUuY2eopd5LqnFyBge54HCh1GC0yCX8ySn0hYIi+4OyAEoDg==}
    cpu: [arm64]
    os: [linux]
    libc: [glibc]

  '@pnpm/exe.linux-x64-musl@12.0.0':
    resolution: {integrity: sha512-UcXwMdFjly0mpddkGigHKTxe27IMv2fUK4IWW/MHmJ3yMguxXmkwNlEI4aE+G1HO2TLo20uNEUWD4ymLe/DaCQ==}
    cpu: [x64]
    os: [linux]
    libc: [musl]

  '@pnpm/exe.linux-x64@12.0.0':
    resolution: {integrity: sha512-6Rsl+zEWMOmus7v7/9J3OE8EMvHyNAfxYmDfmhQG4J0985OuT3G3Ho9NSGHjkBn4aU4bgklWifRhe1HX8dUSyw==}
    cpu: [x64]
    os: [linux]
    libc: [glibc]

  '@pnpm/exe.win32-arm64@12.0.0':
    resolution: {integrity: sha512-O5F76A4oVFrpDGdFxEszRIThOSBfjHdH5c006gR+7UTCfiXrukr1XfqPungUI1DXcSR5gb9jBsPQqQZOAoOOxw==}
    cpu: [arm64]
    os: [win32]

  '@pnpm/exe.win32-x64@12.0.0':
    resolution: {integrity: sha512-5dKFajIEWJ1ai+KHXFJvskY6vchbunmLwSUV2ywbLymcmJjfY5XJVpgzPCyIoVCMVG0zHorr66+hM8h8b3aRfQ==}
    cpu: [x64]
    os: [win32]

  pnpm@12.0.0:
    resolution: {integrity: sha512-ni49w5EZlYaNyUuBdcIXwn6VQI+gO0oidJd48rNPdzt3zdOznt6BcbIvzVO+ajU0Lp+smUimjvWN9kiM6Jp+Zw==}
    engines: {node: '>=18.*'}
    hasBin: true

snapshots:

  '@pnpm/exe.darwin-arm64@12.0.0':
    optional: true

  '@pnpm/exe.darwin-x64@12.0.0':
    optional: true

  '@pnpm/exe.linux-arm64-musl@12.0.0':
    optional: true

  '@pnpm/exe.linux-arm64@12.0.0':
    optional: true

  '@pnpm/exe.linux-x64-musl@12.0.0':
    optional: true

  '@pnpm/exe.linux-x64@12.0.0':
    optional: true

  '@pnpm/exe.win32-arm64@12.0.0':
    optional: true

  '@pnpm/exe.win32-x64@12.0.0':
    optional: true

  pnpm@12.0.0:
    optionalDependencies:
      '@pnpm/exe.darwin-arm64': 12.0.0
      '@pnpm/exe.darwin-x64': 12.0.0
      '@pnpm/exe.linux-arm64': 12.0.0
      '@pnpm/exe.linux-arm64-musl': 12.0.0
      '@pnpm/exe.linux-x64': 12.0.0
      '@pnpm/exe.linux-x64-musl': 12.0.0
      '@pnpm/exe.win32-arm64': 12.0.0
      '@pnpm/exe.win32-x64': 12.0.0

---
lockfileVersion: '9.0'

settings:
  autoInstallPeers: true
  excludeLinksFromLockfile: false

importers:

  .:
    devDependencies:
      '@types/node':
        specifier: ^26.0.0
        version: 26.6.3
      typescript:
        specifier: ^6.0.0
        version: 6.0.3

  packages/cli:
    dependencies:
      '@cameronapak/platform-sdk':
        specifier: workspace:^
        version: link:../..
      ajv:
        specifier: 8.17.1
        version: 8.17.1
      ajv-formats:
        specifier: 3.0.1
        version: 3.0.1(ajv@8.17.1)

  packages/react-query:
    devDependencies:
      '@cameronapak/platform-sdk':
        specifier: workspace:*
        version: link:../..
      '@tanstack/react-query':
        specifier: 5.104.0
        version: 5.104.0(react@19.3.0)
      '@types/react':
        specifier: ^19.2.0
        version: 19.3.0
      '@types/react-test-renderer':
        specifier: ^19.1.0
        version: 19.3.0
      react:
        specifier: 19.3.0
        version: 19.3.0
      react-test-renderer:
        specifier: 19.3.0
        version: 19.3.0(react@19.3.0)
      typescript:
        specifier: ^6.0.0
        version: 6.0.3

packages:

  '@tanstack/query-core@5.104.0':
    resolution: {integrity: sha512-JrC2r/JQlXt7khBSdUpsgxNvybzOg+aITa+ARRMlP2AFo93Y8vIqz077rp+e61mJetSZ0T6AJbwW1JHer1vrPQ==}

  '@tanstack/react-query@5.104.0':
    resolution: {integrity: sha512-e1TZmDCQnWIfiDVryIHeA6Idj+Lfx1hORLOhXS/l5wcgvtVD4yYqbTDl378sGQKIi2cSgb0TEMC9cKK8GGoJEw==}
    peerDependencies:
      react: ^18 || ^19

  '@types/node@26.6.3':
    resolution: {integrity: sha512-dsqMQQoeTLqu9wynDD00q573mNzso3IdQOAfHRJqLCcmCFPoGo9A1bDpUcv/9tnKpErQWv9uKeGfl37EIS02Yg==}

  '@types/react-test-renderer@19.3.0':
    resolution: {integrity: sha512-TX4p2D4Z2oigM3SXU7+QyLSUnSR0vR1S1Pfxm/qFL9nHQ3jclgi6ioGoWQmlIr1DeKRVmPJrmNlhgM0JlWlLUg==}

  '@types/react@19.3.0':
    resolution: {integrity: sha512-N0rFCuH9YoxG9/m61l9MfpJKfmLOVU0em7ipIz6TRgSSkvReLB9vL85GB+yr8Bs5leqpvg96JSwF4ZS1s4viQg==}

  ajv-formats@3.0.1:
    resolution: {integrity: sha512-8iUql50EUR+uUcdRQ3HDqa6EVyo3docL8g5WJ3FNcWmu62IbkGUue/pEyLBW8VGKKucTPgqeks4fIU1DA4yowQ==}
    peerDependencies:
      ajv: ^8.0.0
    peerDependenciesMeta:
      ajv:
        optional: true

  ajv@8.17.1:
    resolution: {integrity: sha512-B/gBuNg5SiMTrPkC+A2+cW0RszwxYmn6VYxB/inlBStS5nx6xHIt/ehKRhIMhqusl7a8LjQoZnjCs5vhwxOQ1g==}

  csstype@3.2.3:
    resolution: {integrity: sha512-z1HGKcYy2xA8AGQfwrn0PAy+PB7X/GSj3UVJW9qKyn43xWa+gl5nXmU4qqLMRzWVLFC8KusUX8T/0kCiOYpAIQ==}

  fast-deep-equal@3.1.3:
    resolution: {integrity: sha512-f3qQ9oQy9j2AhBe/H9VC91wLmKBCCU/gDOnKNAYG5hswO7BLKj09Hc5HYNz9cGI++xlpDCIgDaitVs03ATR84Q==}

  fast-uri@3.1.8:
    resolution: {integrity: sha512-GZMtZUTNRpOVIECoXwLNZS5xUGE+mVNbTB8h/7Rwh2TFWcBQiPzTgyZi05BF9UMZKkLJv8XBRJTlU7zg8+ZfMg==}

  json-schema-traverse@1.0.0:
    resolution: {integrity: sha512-NM8/P9n3XjXhIZn1lLhkFaACTOURQXjWhV4BA/RnOv8xvgqtqpAX9IO4mRQxSx1Rlo4tqzeqb0sOlruaOy3dug==}

  react-is@19.3.0:
    resolution: {integrity: sha512-UpMYezM4v5/18F28aC66AEsjXIgE02kyEMH6yLdgLXu/UTfa1Ntwck/nNLrbqJsEXW7gPb0coNO9FQse9WTovA==}

  react-test-renderer@19.3.0:
    resolution: {integrity: sha512-AUxgv+hRbqjRgx4xVwiWL6cvDDKPAva1VWLXQIMoevqQn9us//C5TX9LEnBGH47D0zvJpjwjxb1umzgOMvE8Wg==}
    peerDependencies:
      react: ^19.3.0

  react@19.3.0:
    resolution: {integrity: sha512-E8LUcbtBWt20bbl2YoHfx4ZDBdxVTfOKtCZn9cDSJ4l6/nuoApcpIBcj47t2wZoVX8g2ZHuMHbiShgCR1T5Sog==}
    engines: {node: '>=0.10.0'}

  require-from-string@2.0.2:
    resolution: {integrity: sha512-Xf0nWe6RseziFMu+Ap9biiUbmplq6S9/p+7w7YXP/JBHhrUDDUhwa+vANyubuqfZWTveU//DYVGsDG7RKL/vEw==}
    engines: {node: '>=0.10.0'}

  scheduler@0.28.0:
    resolution: {integrity: sha512-juorfCmIkIw8tT+p5BXSm6PJjQF/ycEYmKyzURCIt/RaZIhL+PulbQ9Yu2z1HdOJDdqDTlxA1+xKBmHXJsczAw==}

  typescript@6.0.3:
    resolution: {integrity: sha512-y2TvuxSZPDyQakkFRPZHKFm+KKVqIisdg9/CZwm9ftvKXLP8NRWj38/ODjNbr43SsoXqNuAisEf1GdCxqWcdBw==}
    engines: {node: '>=14.17'}
    hasBin: true

  undici-types@8.9.0:
    resolution: {integrity: sha512-KTDyRTYX8sWmKXAikPHHSyc63CRPETMctyjKFupcC6OBLXT3xsN0e9aF7m+mIXutFWpUXuedtowG7iLOzp0kQg==}

snapshots:

  '@tanstack/query-core@5.104.0': {}

  '@tanstack/react-query@5.104.0(react@19.3.0)':
    dependencies:
      '@tanstack/query-core': 5.104.0
      react: 19.3.0

  '@types/node@26.6.3':
    dependencies:
      undici-types: 8.9.0

  '@types/react-test-renderer@19.3.0':
    dependencies:
      '@types/react': 19.3.0

  '@types/react@19.3.0':
    dependencies:
      csstype: 3.2.3

  ajv-formats@3.0.1(ajv@8.17.1):
    optionalDependencies:
      ajv: 8.17.1

  ajv@8.17.1:
    dependencies:
      fast-deep-equal: 3.1.3
      fast-uri: 3.1.8
      json-schema-traverse: 1.0.0
      require-from-string: 2.0.2

  csstype@3.2.3: {}

  fast-deep-equal@3.1.3: {}

  fast-uri@3.1.8: {}

  json-schema-traverse@1.0.0: {}

  react-is@19.3.0: {}

  react-test-renderer@19.3.0(react@19.3.0):
    dependencies:
      react: 19.3.0
      react-is: 19.3.0
      scheduler: 0.28.0

  react@19.3.0: {}

  require-from-string@2.0.2: {}

  scheduler@0.28.0: {}

  typescript@6.0.3: {}

  undici-types@8.9.0: {}
